
Microsoft Visual Studio Solution File, Format Version 12.00
# Visual Studio Version 17
VisualStudioVersion = 17.11.35219.272
MinimumVisualStudioVersion = 10.0.40219.1
Project("{FAE04EC0-301F-11D3-BF4B-00C04F79EFBC}") = "EscritorioDF", "EscritorioDF.csproj", "{6C3CE6A1-B407-42A9-8A47-8BDD0E931DF8}"
EndProject
Global
	GlobalSection(SolutionConfigurationPlatforms) = preSolution
		Debug|Any CPU = Debug|Any CPU
		Release|Any CPU = Release|Any CPU
	EndGlobalSection
	GlobalSection(ProjectConfigurationPlatforms) = postSolution
		{6C3CE6A1-B407-42A9-8A47-8BDD0E931DF8}.Debug|Any CPU.ActiveCfg = Debug|Any CPU
		{6C3CE6A1-B407-42A9-8A47-8BDD0E931DF8}.Debug|Any CPU.Build.0 = Debug|Any CPU
		{6C3CE6A1-B407-42A9-8A47-8BDD0E931DF8}.Release|Any CPU.ActiveCfg = Release|Any CPU
		{6C3CE6A1-B407-42A9-8A47-8BDD0E931DF8}.Release|Any CPU.Build.0 = Release|Any CPU
	EndGlobalSection
	GlobalSection(SolutionProperties) = preSolution
		HideSolutionNode = FALSE
	EndGlobalSection
	GlobalSection(ExtensibilityGlobals) = postSolution
		SolutionGuid = {13B6499E-590F-44B2-A474-BE9F9395E32B}
	EndGlobalSection
EndGlobal
